// !$*UTF8*$!
{
	archiveVersion = 1;
	classes = {
	};
	objectVersion = 55;
	objects = {

/* Begin PBXBuildFile section */
		87176B6F2821B2ED00D75C76 /* NavigationUtil.swift in Sources */ = {isa = PBXBuildFile; fileRef = 87176B6E2821B2ED00D75C76 /* NavigationUtil.swift */; };
		87176B762821C93A00D75C76 /* JSONManager.swift in Sources */ = {isa = PBXBuildFile; fileRef = 87176B752821C93A00D75C76 /* JSONManager.swift */; };
		87176B792821D73100D75C76 /* RecommendDetail.swift in Sources */ = {isa = PBXBuildFile; fileRef = 87176B782821D73100D75C76 /* RecommendDetail.swift */; };
		87176B7A28223FA100D75C76 /* example.json in Resources */ = {isa = PBXBuildFile; fileRef = 87176B742821C1CB00D75C76 /* example.json */; };
		872F02A5282267730046A0C5 /* Vocabulary.swift in Sources */ = {isa = PBXBuildFile; fileRef = 872F02A4282267730046A0C5 /* Vocabulary.swift */; };
		877EB426281DAAF200946111 /* LaunchScreen.storyboard in Resources */ = {isa = PBXBuildFile; fileRef = 877EB425281DAAF200946111 /* LaunchScreen.storyboard */; };
		877EB428281E57B500946111 /* NavigationBar.swift in Sources */ = {isa = PBXBuildFile; fileRef = 877EB427281E57B500946111 /* NavigationBar.swift */; };
		877EB42A282009E600946111 /* ViewFlows.swift in Sources */ = {isa = PBXBuildFile; fileRef = 877EB429282009E600946111 /* ViewFlows.swift */; };
		877EB42C28203E7F00946111 /* TestResult.swift in Sources */ = {isa = PBXBuildFile; fileRef = 877EB42B28203E7F00946111 /* TestResult.swift */; };
		877EB44128211FC500946111 /* Remember.xcdatamodeld in Sources */ = {isa = PBXBuildFile; fileRef = 877EB43F28211FC500946111 /* Remember.xcdatamodeld */; };
		877EB444282120B300946111 /* CoreDataManager.swift in Sources */ = {isa = PBXBuildFile; fileRef = 877EB443282120B300946111 /* CoreDataManager.swift */; };
		87AED165281BABC000CF06FF /* RememberApp.swift in Sources */ = {isa = PBXBuildFile; fileRef = 87AED164281BABC000CF06FF /* RememberApp.swift */; };
		87AED167281BABC000CF06FF /* ContentView.swift in Sources */ = {isa = PBXBuildFile; fileRef = 87AED166281BABC000CF06FF /* ContentView.swift */; };
		87AED169281BABC200CF06FF /* Assets.xcassets in Resources */ = {isa = PBXBuildFile; fileRef = 87AED168281BABC200CF06FF /* Assets.xcassets */; };
		87AED16C281BABC200CF06FF /* Preview Assets.xcassets in Resources */ = {isa = PBXBuildFile; fileRef = 87AED16B281BABC200CF06FF /* Preview Assets.xcassets */; };
		87AED173281BBCC900CF06FF /* HorizontalButton.swift in Sources */ = {isa = PBXBuildFile; fileRef = 87AED172281BBCC900CF06FF /* HorizontalButton.swift */; };
		87AED175281BDBDC00CF06FF /* VerticalButton.swift in Sources */ = {isa = PBXBuildFile; fileRef = 87AED174281BDBDC00CF06FF /* VerticalButton.swift */; };
		87AED177281BDD5F00CF06FF /* ColorExtension.swift in Sources */ = {isa = PBXBuildFile; fileRef = 87AED176281BDD5F00CF06FF /* ColorExtension.swift */; };
		87BCF0D5281C049600138163 /* MainTabView.swift in Sources */ = {isa = PBXBuildFile; fileRef = 87BCF0D4281C049600138163 /* MainTabView.swift */; };
		87BCF0D8281C0B1900138163 /* TodayWords.swift in Sources */ = {isa = PBXBuildFile; fileRef = 87BCF0D7281C0B1900138163 /* TodayWords.swift */; };
		87BCF0DA281C0DD000138163 /* MemorizationStatus.swift in Sources */ = {isa = PBXBuildFile; fileRef = 87BCF0D9281C0DD000138163 /* MemorizationStatus.swift */; };
		87BCF0DE281C1CFD00138163 /* Recommend.swift in Sources */ = {isa = PBXBuildFile; fileRef = 87BCF0DD281C1CFD00138163 /* Recommend.swift */; };
		87BCF0E0281C355100138163 /* TestTabView.swift in Sources */ = {isa = PBXBuildFile; fileRef = 87BCF0DF281C355100138163 /* TestTabView.swift */; };
		87BCF0E2281C397A00138163 /* Test.swift in Sources */ = {isa = PBXBuildFile; fileRef = 87BCF0E1281C397A00138163 /* Test.swift */; };
		87BCF0E4281C3ABE00138163 /* CustomTextField.swift in Sources */ = {isa = PBXBuildFile; fileRef = 87BCF0E3281C3ABE00138163 /* CustomTextField.swift */; };
		87BCF0E8281D05B200138163 /* CreateVocabulary.swift in Sources */ = {isa = PBXBuildFile; fileRef = 87BCF0E7281D05B200138163 /* CreateVocabulary.swift */; };
		87BCF0EA281D0E7500138163 /* RoundedButton.swift in Sources */ = {isa = PBXBuildFile; fileRef = 87BCF0E9281D0E7500138163 /* RoundedButton.swift */; };
		87BCF0EC281D14C300138163 /* MyVocabularyTabView.swift in Sources */ = {isa = PBXBuildFile; fileRef = 87BCF0EB281D14C300138163 /* MyVocabularyTabView.swift */; };
		87BCF0EE281D155900138163 /* MyVocaburaly.swift in Sources */ = {isa = PBXBuildFile; fileRef = 87BCF0ED281D155900138163 /* MyVocaburaly.swift */; };
		87BCF0F0281D18F000138163 /* MyPageTabView.swift in Sources */ = {isa = PBXBuildFile; fileRef = 87BCF0EF281D18F000138163 /* MyPageTabView.swift */; };
/* End PBXBuildFile section */

/* Begin PBXFileReference section */
		87176B6E2821B2ED00D75C76 /* NavigationUtil.swift */ = {isa = PBXFileReference; lastKnownFileType = sourcecode.swift; path = NavigationUtil.swift; sourceTree = "<group>"; };
		87176B742821C1CB00D75C76 /* example.json */ = {isa = PBXFileReference; lastKnownFileType = text.json; name = example.json; path = Remember/example.json; sourceTree = SOURCE_ROOT; xcLanguageSpecificationIdentifier = xcode.lang.json; };
		87176B752821C93A00D75C76 /* JSONManager.swift */ = {isa = PBXFileReference; lastKnownFileType = sourcecode.swift; path = JSONManager.swift; sourceTree = "<group>"; };
		87176B782821D73100D75C76 /* RecommendDetail.swift */ = {isa = PBXFileReference; lastKnownFileType = sourcecode.swift; path = RecommendDetail.swift; sourceTree = "<group>"; };
		872F02A4282267730046A0C5 /* Vocabulary.swift */ = {isa = PBXFileReference; lastKnownFileType = sourcecode.swift; path = Vocabulary.swift; sourceTree = "<group>"; };
		877EB425281DAAF200946111 /* LaunchScreen.storyboard */ = {isa = PBXFileReference; lastKnownFileType = file.storyboard; path = LaunchScreen.storyboard; sourceTree = "<group>"; };
		877EB427281E57B500946111 /* NavigationBar.swift */ = {isa = PBXFileReference; lastKnownFileType = sourcecode.swift; path = NavigationBar.swift; sourceTree = "<group>"; };
		877EB429282009E600946111 /* ViewFlows.swift */ = {isa = PBXFileReference; lastKnownFileType = sourcecode.swift; path = ViewFlows.swift; sourceTree = "<group>"; };
		877EB42B28203E7F00946111 /* TestResult.swift */ = {isa = PBXFileReference; lastKnownFileType = sourcecode.swift; path = TestResult.swift; sourceTree = "<group>"; };
		877EB44028211FC500946111 /* Remember.xcdatamodel */ = {isa = PBXFileReference; lastKnownFileType = wrapper.xcdatamodel; path = Remember.xcdatamodel; sourceTree = "<group>"; };
		877EB443282120B300946111 /* CoreDataManager.swift */ = {isa = PBXFileReference; lastKnownFileType = sourcecode.swift; path = CoreDataManager.swift; sourceTree = "<group>"; };
		87AED161281BABC000CF06FF /* Remember.app */ = {isa = PBXFileReference; explicitFileType = wrapper.application; includeInIndex = 0; path = Remember.app; sourceTree = BUILT_PRODUCTS_DIR; };
		87AED164281BABC000CF06FF /* RememberApp.swift */ = {isa = PBXFileReference; lastKnownFileType = sourcecode.swift; path = RememberApp.swift; sourceTree = "<group>"; };
		87AED166281BABC000CF06FF /* ContentView.swift */ = {isa = PBXFileReference; lastKnownFileType = sourcecode.swift; path = ContentView.swift; sourceTree = "<group>"; };
		87AED168281BABC200CF06FF /* Assets.xcassets */ = {isa = PBXFileReference; lastKnownFileType = folder.assetcatalog; path = Assets.xcassets; sourceTree = "<group>"; };
		87AED16B281BABC200CF06FF /* Preview Assets.xcassets */ = {isa = PBXFileReference; lastKnownFileType = folder.assetcatalog; path = "Preview Assets.xcassets"; sourceTree = "<group>"; };
		87AED172281BBCC900CF06FF /* HorizontalButton.swift */ = {isa = PBXFileReference; lastKnownFileType = sourcecode.swift; path = HorizontalButton.swift; sourceTree = "<group>"; };
		87AED174281BDBDC00CF06FF /* VerticalButton.swift */ = {isa = PBXFileReference; lastKnownFileType = sourcecode.swift; path = VerticalButton.swift; sourceTree = "<group>"; };
		87AED176281BDD5F00CF06FF /* ColorExtension.swift */ = {isa = PBXFileReference; lastKnownFileType = sourcecode.swift; path = ColorExtension.swift; sourceTree = "<group>"; };
		87BCF0D4281C049600138163 /* MainTabView.swift */ = {isa = PBXFileReference; lastKnownFileType = sourcecode.swift; path = MainTabView.swift; sourceTree = "<group>"; };
		87BCF0D7281C0B1900138163 /* TodayWords.swift */ = {isa = PBXFileReference; lastKnownFileType = sourcecode.swift; path = TodayWords.swift; sourceTree = "<group>"; };
		87BCF0D9281C0DD000138163 /* MemorizationStatus.swift */ = {isa = PBXFileReference; lastKnownFileType = sourcecode.swift; path = MemorizationStatus.swift; sourceTree = "<group>"; };
		87BCF0DD281C1CFD00138163 /* Recommend.swift */ = {isa = PBXFileReference; lastKnownFileType = sourcecode.swift; path = Recommend.swift; sourceTree = "<group>"; };
		87BCF0DF281C355100138163 /* TestTabView.swift */ = {isa = PBXFileReference; lastKnownFileType = sourcecode.swift; path = TestTabView.swift; sourceTree = "<group>"; };
		87BCF0E1281C397A00138163 /* Test.swift */ = {isa = PBXFileReference; lastKnownFileType = sourcecode.swift; path = Test.swift; sourceTree = "<group>"; };
		87BCF0E3281C3ABE00138163 /* CustomTextField.swift */ = {isa = PBXFileReference; lastKnownFileType = sourcecode.swift; path = CustomTextField.swift; sourceTree = "<group>"; };
		87BCF0E7281D05B200138163 /* CreateVocabulary.swift */ = {isa = PBXFileReference; lastKnownFileType = sourcecode.swift; path = CreateVocabulary.swift; sourceTree = "<group>"; };
		87BCF0E9281D0E7500138163 /* RoundedButton.swift */ = {isa = PBXFileReference; lastKnownFileType = sourcecode.swift; path = RoundedButton.swift; sourceTree = "<group>"; };
		87BCF0EB281D14C300138163 /* MyVocabularyTabView.swift */ = {isa = PBXFileReference; lastKnownFileType = sourcecode.swift; path = MyVocabularyTabView.swift; sourceTree = "<group>"; };
		87BCF0ED281D155900138163 /* MyVocaburaly.swift */ = {isa = PBXFileReference; lastKnownFileType = sourcecode.swift; path = MyVocaburaly.swift; sourceTree = "<group>"; };
		87BCF0EF281D18F000138163 /* MyPageTabView.swift */ = {isa = PBXFileReference; lastKnownFileType = sourcecode.swift; path = MyPageTabView.swift; sourceTree = "<group>"; };
/* End PBXFileReference section */

/* Begin PBXFrameworksBuildPhase section */
		87AED15E281BABC000CF06FF /* Frameworks */ = {
			isa = PBXFrameworksBuildPhase;
			buildActionMask = 2147483647;
			files = (
			);
			runOnlyForDeploymentPostprocessing = 0;
		};
/* End PBXFrameworksBuildPhase section */

/* Begin PBXGroup section */
		87176B702821B97D00D75C76 /* FirstTab */ = {
			isa = PBXGroup;
			children = (
				87BCF0D4281C049600138163 /* MainTabView.swift */,
				87BCF0D7281C0B1900138163 /* TodayWords.swift */,
				87BCF0D9281C0DD000138163 /* MemorizationStatus.swift */,
				87BCF0DD281C1CFD00138163 /* Recommend.swift */,
				87BCF0DF281C355100138163 /* TestTabView.swift */,
				87BCF0E1281C397A00138163 /* Test.swift */,
				877EB42B28203E7F00946111 /* TestResult.swift */,
				87BCF0E3281C3ABE00138163 /* CustomTextField.swift */,
				87176B782821D73100D75C76 /* RecommendDetail.swift */,
			);
			path = FirstTab;
			sourceTree = "<group>";
		};
		87176B712821B9AC00D75C76 /* SecondTab */ = {
			isa = PBXGroup;
			children = (
				87BCF0E7281D05B200138163 /* CreateVocabulary.swift */,
			);
			path = SecondTab;
			sourceTree = "<group>";
		};
		87176B722821B9D200D75C76 /* ThirdTab */ = {
			isa = PBXGroup;
			children = (
				87BCF0EB281D14C300138163 /* MyVocabularyTabView.swift */,
				87BCF0ED281D155900138163 /* MyVocaburaly.swift */,
			);
			path = ThirdTab;
			sourceTree = "<group>";
		};
		87176B732821BA1300D75C76 /* Components */ = {
			isa = PBXGroup;
			children = (
				87BCF0E9281D0E7500138163 /* RoundedButton.swift */,
				87AED174281BDBDC00CF06FF /* VerticalButton.swift */,
				87AED172281BBCC900CF06FF /* HorizontalButton.swift */,
				872F02A4282267730046A0C5 /* Vocabulary.swift */,
			);
			path = Components;
			sourceTree = "<group>";
		};
		877EB4422821209F00946111 /* Managers */ = {
			isa = PBXGroup;
			children = (
				877EB443282120B300946111 /* CoreDataManager.swift */,
			);
			path = Managers;
			sourceTree = "<group>";
		};
		87AED158281BABC000CF06FF = {
			isa = PBXGroup;
			children = (
				877EB4422821209F00946111 /* Managers */,
				877EB43F28211FC500946111 /* Remember.xcdatamodeld */,
				87AED163281BABC000CF06FF /* Remember */,
				87AED162281BABC000CF06FF /* Products */,
			);
			sourceTree = "<group>";
		};
		87AED162281BABC000CF06FF /* Products */ = {
			isa = PBXGroup;
			children = (
				87AED161281BABC000CF06FF /* Remember.app */,
			);
			name = Products;
			sourceTree = "<group>";
		};
		87AED163281BABC000CF06FF /* Remember */ = {
			isa = PBXGroup;
			children = (
				87C096C5281BF5A2008A05E3 /* Controllers */,
				87C096C3281BF58A008A05E3 /* Views */,
				87AED164281BABC000CF06FF /* RememberApp.swift */,
				87176B742821C1CB00D75C76 /* example.json */,
				877EB425281DAAF200946111 /* LaunchScreen.storyboard */,
				87AED168281BABC200CF06FF /* Assets.xcassets */,
				87AED16A281BABC200CF06FF /* Preview Content */,
			);
			path = Remember;
			sourceTree = "<group>";
		};
		87AED16A281BABC200CF06FF /* Preview Content */ = {
			isa = PBXGroup;
			children = (
				87AED16B281BABC200CF06FF /* Preview Assets.xcassets */,
			);
			path = "Preview Content";
			sourceTree = "<group>";
		};
		87C096C3281BF58A008A05E3 /* Views */ = {
			isa = PBXGroup;
			children = (
				87176B712821B9AC00D75C76 /* SecondTab */,
				87176B722821B9D200D75C76 /* ThirdTab */,
				87176B732821BA1300D75C76 /* Components */,
				87176B702821B97D00D75C76 /* FirstTab */,
				87BCF0EF281D18F000138163 /* MyPageTabView.swift */,
				87AED166281BABC000CF06FF /* ContentView.swift */,
			);
			path = Views;
			sourceTree = "<group>";
		};
		87C096C5281BF5A2008A05E3 /* Controllers */ = {
			isa = PBXGroup;
			children = (
				87AED176281BDD5F00CF06FF /* ColorExtension.swift */,
				877EB429282009E600946111 /* ViewFlows.swift */,
				87176B6E2821B2ED00D75C76 /* NavigationUtil.swift */,
				877EB427281E57B500946111 /* NavigationBar.swift */,
				87176B752821C93A00D75C76 /* JSONManager.swift */,
			);
			path = Controllers;
			sourceTree = "<group>";
		};
/* End PBXGroup section */

/* Begin PBXNativeTarget section */
		87AED160281BABC000CF06FF /* Remember */ = {
			isa = PBXNativeTarget;
			buildConfigurationList = 87AED16F281BABC200CF06FF /* Build configuration list for PBXNativeTarget "Remember" */;
			buildPhases = (
				87AED15D281BABC000CF06FF /* Sources */,
				87AED15E281BABC000CF06FF /* Frameworks */,
				87AED15F281BABC000CF06FF /* Resources */,
			);
			buildRules = (
			);
			dependencies = (
			);
			name = Remember;
			productName = Remember;
			productReference = 87AED161281BABC000CF06FF /* Remember.app */;
			productType = "com.apple.product-type.application";
		};
/* End PBXNativeTarget section */

/* Begin PBXProject section */
		87AED159281BABC000CF06FF /* Project object */ = {
			isa = PBXProject;
			attributes = {
				BuildIndependentTargetsInParallel = 1;
				LastSwiftUpdateCheck = 1330;
				LastUpgradeCheck = 1330;
				TargetAttributes = {
					87AED160281BABC000CF06FF = {
						CreatedOnToolsVersion = 13.3.1;
					};
				};
			};
			buildConfigurationList = 87AED15C281BABC000CF06FF /* Build configuration list for PBXProject "Remember" */;
			compatibilityVersion = "Xcode 13.0";
			developmentRegion = en;
			hasScannedForEncodings = 0;
			knownRegions = (
				en,
				Base,
			);
			mainGroup = 87AED158281BABC000CF06FF;
			productRefGroup = 87AED162281BABC000CF06FF /* Products */;
			projectDirPath = "";
			projectRoot = "";
			targets = (
				87AED160281BABC000CF06FF /* Remember */,
			);
		};
/* End PBXProject section */

/* Begin PBXResourcesBuildPhase section */
		87AED15F281BABC000CF06FF /* Resources */ = {
			isa = PBXResourcesBuildPhase;
			buildActionMask = 2147483647;
			files = (
				87176B7A28223FA100D75C76 /* example.json in Resources */,
				877EB426281DAAF200946111 /* LaunchScreen.storyboard in Resources */,
				87AED16C281BABC200CF06FF /* Preview Assets.xcassets in Resources */,
				87AED169281BABC200CF06FF /* Assets.xcassets in Resources */,
			);
			runOnlyForDeploymentPostprocessing = 0;
		};
/* End PBXResourcesBuildPhase section */

/* Begin PBXSourcesBuildPhase section */
		87AED15D281BABC000CF06FF /* Sources */ = {
			isa = PBXSourcesBuildPhase;
			buildActionMask = 2147483647;
			files = (
				87BCF0E0281C355100138163 /* TestTabView.swift in Sources */,
				87AED173281BBCC900CF06FF /* HorizontalButton.swift in Sources */,
				87BCF0D5281C049600138163 /* MainTabView.swift in Sources */,
				87BCF0E8281D05B200138163 /* CreateVocabulary.swift in Sources */,
				87BCF0F0281D18F000138163 /* MyPageTabView.swift in Sources */,
				877EB428281E57B500946111 /* NavigationBar.swift in Sources */,
				87BCF0EC281D14C300138163 /* MyVocabularyTabView.swift in Sources */,
				87BCF0E4281C3ABE00138163 /* CustomTextField.swift in Sources */,
				87BCF0DE281C1CFD00138163 /* Recommend.swift in Sources */,
				87AED175281BDBDC00CF06FF /* VerticalButton.swift in Sources */,
				877EB444282120B300946111 /* CoreDataManager.swift in Sources */,
				877EB42C28203E7F00946111 /* TestResult.swift in Sources */,
				87BCF0E2281C397A00138163 /* Test.swift in Sources */,
				87BCF0D8281C0B1900138163 /* TodayWords.swift in Sources */,
				87AED167281BABC000CF06FF /* ContentView.swift in Sources */,
				872F02A5282267730046A0C5 /* Vocabulary.swift in Sources */,
				87176B6F2821B2ED00D75C76 /* NavigationUtil.swift in Sources */,
				87BCF0EE281D155900138163 /* MyVocaburaly.swift in Sources */,
				87BCF0DA281C0DD000138163 /* MemorizationStatus.swift in Sources */,
				877EB42A282009E600946111 /* ViewFlows.swift in Sources */,
				877EB44128211FC500946111 /* Remember.xcdatamodeld in Sources */,
				87176B792821D73100D75C76 /* RecommendDetail.swift in Sources */,
				87176B762821C93A00D75C76 /* JSONManager.swift in Sources */,
				87BCF0EA281D0E7500138163 /* RoundedButton.swift in Sources */,
				87AED165281BABC000CF06FF /* RememberApp.swift in Sources */,
				87AED177281BDD5F00CF06FF /* ColorExtension.swift in Sources */,
			);
			runOnlyForDeploymentPostprocessing = 0;
		};
/* End PBXSourcesBuildPhase section */

/* Begin XCBuildConfiguration section */
		87AED16D281BABC200CF06FF /* Debug */ = {
			isa = XCBuildConfiguration;
			buildSettings = {
				ALWAYS_SEARCH_USER_PATHS = NO;
				CLANG_ANALYZER_NONNULL = YES;
				CLANG_ANALYZER_NUMBER_OBJECT_CONVERSION = YES_AGGRESSIVE;
				CLANG_CXX_LANGUAGE_STANDARD = "gnu++17";
				CLANG_ENABLE_MODULES = YES;
				CLANG_ENABLE_OBJC_ARC = YES;
				CLANG_ENABLE_OBJC_WEAK = YES;
				CLANG_WARN_BLOCK_CAPTURE_AUTORELEASING = YES;
				CLANG_WARN_BOOL_CONVERSION = YES;
				CLANG_WARN_COMMA = YES;
				CLANG_WARN_CONSTANT_CONVERSION = YES;
				CLANG_WARN_DEPRECATED_OBJC_IMPLEMENTATIONS = YES;
				CLANG_WARN_DIRECT_OBJC_ISA_USAGE = YES_ERROR;
				CLANG_WARN_DOCUMENTATION_COMMENTS = YES;
				CLANG_WARN_EMPTY_BODY = YES;
				CLANG_WARN_ENUM_CONVERSION = YES;
				CLANG_WARN_INFINITE_RECURSION = YES;
				CLANG_WARN_INT_CONVERSION = YES;
				CLANG_WARN_NON_LITERAL_NULL_CONVERSION = YES;
				CLANG_WARN_OBJC_IMPLICIT_RETAIN_SELF = YES;
				CLANG_WARN_OBJC_LITERAL_CONVERSION = YES;
				CLANG_WARN_OBJC_ROOT_CLASS = YES_ERROR;
				CLANG_WARN_QUOTED_INCLUDE_IN_FRAMEWORK_HEADER = YES;
				CLANG_WARN_RANGE_LOOP_ANALYSIS = YES;
				CLANG_WARN_STRICT_PROTOTYPES = YES;
				CLANG_WARN_SUSPICIOUS_MOVE = YES;
				CLANG_WARN_UNGUARDED_AVAILABILITY = YES_AGGRESSIVE;
				CLANG_WARN_UNREACHABLE_CODE = YES;
				CLANG_WARN__DUPLICATE_METHOD_MATCH = YES;
				COPY_PHASE_STRIP = NO;
				DEBUG_INFORMATION_FORMAT = dwarf;
				ENABLE_STRICT_OBJC_MSGSEND = YES;
				ENABLE_TESTABILITY = YES;
				GCC_C_LANGUAGE_STANDARD = gnu11;
				GCC_DYNAMIC_NO_PIC = NO;
				GCC_NO_COMMON_BLOCKS = YES;
				GCC_OPTIMIZATION_LEVEL = 0;
				GCC_PREPROCESSOR_DEFINITIONS = (
					"DEBUG=1",
					"$(inherited)",
				);
				GCC_WARN_64_TO_32_BIT_CONVERSION = YES;
				GCC_WARN_ABOUT_RETURN_TYPE = YES_ERROR;
				GCC_WARN_UNDECLARED_SELECTOR = YES;
				GCC_WARN_UNINITIALIZED_AUTOS = YES_AGGRESSIVE;
				GCC_WARN_UNUSED_FUNCTION = YES;
				GCC_WARN_UNUSED_VARIABLE = YES;
				IPHONEOS_DEPLOYMENT_TARGET = 15.4;
				MTL_ENABLE_DEBUG_INFO = INCLUDE_SOURCE;
				MTL_FAST_MATH = YES;
				ONLY_ACTIVE_ARCH = YES;
				SDKROOT = iphoneos;
				SWIFT_ACTIVE_COMPILATION_CONDITIONS = DEBUG;
				SWIFT_OPTIMIZATION_LEVEL = "-Onone";
			};
			name = Debug;
		};
		87AED16E281BABC200CF06FF /* Release */ = {
			isa = XCBuildConfiguration;
			buildSettings = {
				ALWAYS_SEARCH_USER_PATHS = NO;
				CLANG_ANALYZER_NONNULL = YES;
				CLANG_ANALYZER_NUMBER_OBJECT_CONVERSION = YES_AGGRESSIVE;
				CLANG_CXX_LANGUAGE_STANDARD = "gnu++17";
				CLANG_ENABLE_MODULES = YES;
				CLANG_ENABLE_OBJC_ARC = YES;
				CLANG_ENABLE_OBJC_WEAK = YES;
				CLANG_WARN_BLOCK_CAPTURE_AUTORELEASING = YES;
				CLANG_WARN_BOOL_CONVERSION = YES;
				CLANG_WARN_COMMA = YES;
				CLANG_WARN_CONSTANT_CONVERSION = YES;
				CLANG_WARN_DEPRECATED_OBJC_IMPLEMENTATIONS = YES;
				CLANG_WARN_DIRECT_OBJC_ISA_USAGE = YES_ERROR;
				CLANG_WARN_DOCUMENTATION_COMMENTS = YES;
				CLANG_WARN_EMPTY_BODY = YES;
				CLANG_WARN_ENUM_CONVERSION = YES;
				CLANG_WARN_INFINITE_RECURSION = YES;
				CLANG_WARN_INT_CONVERSION = YES;
				CLANG_WARN_NON_LITERAL_NULL_CONVERSION = YES;
				CLANG_WARN_OBJC_IMPLICIT_RETAIN_SELF = YES;
				CLANG_WARN_OBJC_LITERAL_CONVERSION = YES;
				CLANG_WARN_OBJC_ROOT_CLASS = YES_ERROR;
				CLANG_WARN_QUOTED_INCLUDE_IN_FRAMEWORK_HEADER = YES;
				CLANG_WARN_RANGE_LOOP_ANALYSIS = YES;
				CLANG_WARN_STRICT_PROTOTYPES = YES;
				CLANG_WARN_SUSPICIOUS_MOVE = YES;
				CLANG_WARN_UNGUARDED_AVAILABILITY = YES_AGGRESSIVE;
				CLANG_WARN_UNREACHABLE_CODE = YES;
				CLANG_WARN__DUPLICATE_METHOD_MATCH = YES;
				COPY_PHASE_STRIP = NO;
				DEBUG_INFORMATION_FORMAT = "dwarf-with-dsym";
				ENABLE_NS_ASSERTIONS = NO;
				ENABLE_STRICT_OBJC_MSGSEND = YES;
				GCC_C_LANGUAGE_STANDARD = gnu11;
				GCC_NO_COMMON_BLOCKS = YES;
				GCC_WARN_64_TO_32_BIT_CONVERSION = YES;
				GCC_WARN_ABOUT_RETURN_TYPE = YES_ERROR;
				GCC_WARN_UNDECLARED_SELECTOR = YES;
				GCC_WARN_UNINITIALIZED_AUTOS = YES_AGGRESSIVE;
				GCC_WARN_UNUSED_FUNCTION = YES;
				GCC_WARN_UNUSED_VARIABLE = YES;
				IPHONEOS_DEPLOYMENT_TARGET = 15.4;
				MTL_ENABLE_DEBUG_INFO = NO;
				MTL_FAST_MATH = YES;
				SDKROOT = iphoneos;
				SWIFT_COMPILATION_MODE = wholemodule;
				SWIFT_OPTIMIZATION_LEVEL = "-O";
				VALIDATE_PRODUCT = YES;
			};
			name = Release;
		};
		87AED170281BABC200CF06FF /* Debug */ = {
			isa = XCBuildConfiguration;
			buildSettings = {
				ASSETCATALOG_COMPILER_APPICON_NAME = AppIcon;
				ASSETCATALOG_COMPILER_GLOBAL_ACCENT_COLOR_NAME = AccentColor;
				CODE_SIGN_STYLE = Automatic;
				CURRENT_PROJECT_VERSION = 1;
				DEVELOPMENT_ASSET_PATHS = "\"Remember/Preview Content\"";
				DEVELOPMENT_TEAM = 7JPPWR5997;
				ENABLE_PREVIEWS = YES;
				GENERATE_INFOPLIST_FILE = YES;
				INFOPLIST_KEY_UIApplicationSceneManifest_Generation = YES;
				INFOPLIST_KEY_UIApplicationSupportsIndirectInputEvents = YES;
				INFOPLIST_KEY_UILaunchScreen_Generation = YES;
				INFOPLIST_KEY_UILaunchStoryboardName = LaunchScreen;
				INFOPLIST_KEY_UISupportedInterfaceOrientations_iPad = "UIInterfaceOrientationPortrait UIInterfaceOrientationPortraitUpsideDown UIInterfaceOrientationLandscapeLeft UIInterfaceOrientationLandscapeRight";
				INFOPLIST_KEY_UISupportedInterfaceOrientations_iPhone = "UIInterfaceOrientationPortrait UIInterfaceOrientationLandscapeLeft UIInterfaceOrientationLandscapeRight";
				LD_RUNPATH_SEARCH_PATHS = (
					"$(inherited)",
					"@executable_path/Frameworks",
				);
				MARKETING_VERSION = 1.0;
				PRODUCT_BUNDLE_IDENTIFIER = com.soi.Remember;
				PRODUCT_NAME = "$(TARGET_NAME)";
				SWIFT_EMIT_LOC_STRINGS = YES;
				SWIFT_VERSION = 5.0;
				TARGETED_DEVICE_FAMILY = "1,2";
			};
			name = Debug;
		};
		87AED171281BABC200CF06FF /* Release */ = {
			isa = XCBuildConfiguration;
			buildSettings = {
				ASSETCATALOG_COMPILER_APPICON_NAME = AppIcon;
				ASSETCATALOG_COMPILER_GLOBAL_ACCENT_COLOR_NAME = AccentColor;
				CODE_SIGN_STYLE = Automatic;
				CURRENT_PROJECT_VERSION = 1;
				DEVELOPMENT_ASSET_PATHS = "\"Remember/Preview Content\"";
				DEVELOPMENT_TEAM = 7JPPWR5997;
				ENABLE_PREVIEWS = YES;
				GENERATE_INFOPLIST_FILE = YES;
				INFOPLIST_KEY_UIApplicationSceneManifest_Generation = YES;
				INFOPLIST_KEY_UIApplicationSupportsIndirectInputEvents = YES;
				INFOPLIST_KEY_UILaunchScreen_Generation = YES;
				INFOPLIST_KEY_UILaunchStoryboardName = LaunchScreen;
				INFOPLIST_KEY_UISupportedInterfaceOrientations_iPad = "UIInterfaceOrientationPortrait UIInterfaceOrientationPortraitUpsideDown UIInterfaceOrientationLandscapeLeft UIInterfaceOrientationLandscapeRight";
				INFOPLIST_KEY_UISupportedInterfaceOrientations_iPhone = "UIInterfaceOrientationPortrait UIInterfaceOrientationLandscapeLeft UIInterfaceOrientationLandscapeRight";
				LD_RUNPATH_SEARCH_PATHS = (
					"$(inherited)",
					"@executable_path/Frameworks",
				);
				MARKETING_VERSION = 1.0;
				PRODUCT_BUNDLE_IDENTIFIER = com.soi.Remember;
				PRODUCT_NAME = "$(TARGET_NAME)";
				SWIFT_EMIT_LOC_STRINGS = YES;
				SWIFT_VERSION = 5.0;
				TARGETED_DEVICE_FAMILY = "1,2";
			};
			name = Release;
		};
/* End XCBuildConfiguration section */

/* Begin XCConfigurationList section */
		87AED15C281BABC000CF06FF /* Build configuration list for PBXProject "Remember" */ = {
			isa = XCConfigurationList;
			buildConfigurations = (
				87AED16D281BABC200CF06FF /* Debug */,
				87AED16E281BABC200CF06FF /* Release */,
			);
			defaultConfigurationIsVisible = 0;
			defaultConfigurationName = Release;
		};
		87AED16F281BABC200CF06FF /* Build configuration list for PBXNativeTarget "Remember" */ = {
			isa = XCConfigurationList;
			buildConfigurations = (
				87AED170281BABC200CF06FF /* Debug */,
				87AED171281BABC200CF06FF /* Release */,
			);
			defaultConfigurationIsVisible = 0;
			defaultConfigurationName = Release;
		};
/* End XCConfigurationList section */

/* Begin XCVersionGroup section */
		877EB43F28211FC500946111 /* Remember.xcdatamodeld */ = {
			isa = XCVersionGroup;
			children = (
				877EB44028211FC500946111 /* Remember.xcdatamodel */,
			);
			currentVersion = 877EB44028211FC500946111 /* Remember.xcdatamodel */;
			path = Remember.xcdatamodeld;
			sourceTree = "<group>";
			versionGroupType = wrapper.xcdatamodel;
		};
/* End XCVersionGroup section */
	};
	rootObject = 87AED159281BABC000CF06FF /* Project object */;
}
